
Microsoft Visual Studio Solution File, Format Version 11.00
# Visual C# Express 2010
Project("{FAE04EC0-301F-11D3-BF4B-00C04F79EFBC}") = "OXStack", "OXStack.csproj", "{F85D6B59-4393-4C7A-A999-124DA87A2EF4}"
EndProject
Global
	GlobalSection(SolutionConfigurationPlatforms) = preSolution
		Debug|Any CPU = Debug|Any CPU
		Release|Any CPU = Release|Any CPU
	EndGlobalSection
	GlobalSection(ProjectConfigurationPlatforms) = postSolution
		{F85D6B59-4393-4C7A-A999-124DA87A2EF4}.Debug|Any CPU.ActiveCfg = Debug|Any CPU
		{F85D6B59-4393-4C7A-A999-124DA87A2EF4}.Debug|Any CPU.Build.0 = Debug|Any CPU
		{F85D6B59-4393-4C7A-A999-124DA87A2EF4}.Release|Any CPU.ActiveCfg = Release|Any CPU
		{F85D6B59-4393-4C7A-A999-124DA87A2EF4}.Release|Any CPU.Build.0 = Release|Any CPU
	EndGlobalSection
	GlobalSection(SolutionProperties) = preSolution
		HideSolutionNode = FALSE
	EndGlobalSection
EndGlobal
